// !$*UTF8*$!
{
	archiveVersion = 1;
	classes = {
	};
	objectVersion = 50;
	objects = {

/* Begin PBXBuildFile section */
		4FD7F21828967A5700660917 /* main.swift in Sources */ = {isa = PBXBuildFile; fileRef = 4FD7F21728967A5700660917 /* main.swift */; };
		4FD7F22228967A6F00660917 /* State.swift in Sources */ = {isa = PBXBuildFile; fileRef = 4FD7F22128967A6F00660917 /* State.swift */; };
		4FD7F22528967A8F00660917 /* Work.swift in Sources */ = {isa = PBXBuildFile; fileRef = 4FD7F22428967A8F00660917 /* Work.swift */; };
		4FD7F22828967BE900660917 /* ForenoonState.swift in Sources */ = {isa = PBXBuildFile; fileRef = 4FD7F22728967BE900660917 /* ForenoonState.swift */; };
		4FD7F22B28967C3300660917 /* NoonState.swift in Sources */ = {isa = PBXBuildFile; fileRef = 4FD7F22A28967C3300660917 /* NoonState.swift */; };
		4FD7F22E28967C5600660917 /* AfternoonState.swift in Sources */ = {isa = PBXBuildFile; fileRef = 4FD7F22D28967C5600660917 /* AfternoonState.swift */; };
		4FD7F23128967C7200660917 /* EveningState.swift in Sources */ = {isa = PBXBuildFile; fileRef = 4FD7F23028967C7200660917 /* EveningState.swift */; };
		4FD7F23428967C8900660917 /* SleepingState.swift in Sources */ = {isa = PBXBuildFile; fileRef = 4FD7F23328967C8900660917 /* SleepingState.swift */; };
		4FD7F23728967CAA00660917 /* RestState.swift in Sources */ = {isa = PBXBuildFile; fileRef = 4FD7F23628967CAA00660917 /* RestState.swift */; };
/* End PBXBuildFile section */

/* Begin PBXCopyFilesBuildPhase section */
		4FD7F21228967A5700660917 /* CopyFiles */ = {
			isa = PBXCopyFilesBuildPhase;
			buildActionMask = 2147483647;
			dstPath = /usr/share/man/man1/;
			dstSubfolderSpec = 0;
			files = (
			);
			runOnlyForDeploymentPostprocessing = 1;
		};
/* End PBXCopyFilesBuildPhase section */

/* Begin PBXFileReference section */
		4FD7F21428967A5700660917 /* State */ = {isa = PBXFileReference; explicitFileType = "compiled.mach-o.executable"; includeInIndex = 0; path = State; sourceTree = BUILT_PRODUCTS_DIR; };
		4FD7F21728967A5700660917 /* main.swift */ = {isa = PBXFileReference; lastKnownFileType = sourcecode.swift; path = main.swift; sourceTree = "<group>"; };
		4FD7F22128967A6F00660917 /* State.swift */ = {isa = PBXFileReference; lastKnownFileType = sourcecode.swift; path = State.swift; sourceTree = "<group>"; };
		4FD7F22428967A8F00660917 /* Work.swift */ = {isa = PBXFileReference; lastKnownFileType = sourcecode.swift; path = Work.swift; sourceTree = "<group>"; };
		4FD7F22728967BE900660917 /* ForenoonState.swift */ = {isa = PBXFileReference; lastKnownFileType = sourcecode.swift; path = ForenoonState.swift; sourceTree = "<group>"; };
		4FD7F22A28967C3300660917 /* NoonState.swift */ = {isa = PBXFileReference; lastKnownFileType = sourcecode.swift; path = NoonState.swift; sourceTree = "<group>"; };
		4FD7F22D28967C5600660917 /* AfternoonState.swift */ = {isa = PBXFileReference; lastKnownFileType = sourcecode.swift; path = AfternoonState.swift; sourceTree = "<group>"; };
		4FD7F23028967C7200660917 /* EveningState.swift */ = {isa = PBXFileReference; lastKnownFileType = sourcecode.swift; path = EveningState.swift; sourceTree = "<group>"; };
		4FD7F23328967C8900660917 /* SleepingState.swift */ = {isa = PBXFileReference; lastKnownFileType = sourcecode.swift; path = SleepingState.swift; sourceTree = "<group>"; };
		4FD7F23628967CAA00660917 /* RestState.swift */ = {isa = PBXFileReference; lastKnownFileType = sourcecode.swift; path = RestState.swift; sourceTree = "<group>"; };
/* End PBXFileReference section */

/* Begin PBXFrameworksBuildPhase section */
		4FD7F21128967A5700660917 /* Frameworks */ = {
			isa = PBXFrameworksBuildPhase;
			buildActionMask = 2147483647;
			files = (
			);
			runOnlyForDeploymentPostprocessing = 0;
		};
/* End PBXFrameworksBuildPhase section */

/* Begin PBXGroup section */
		4FD7F20B28967A5700660917 = {
			isa = PBXGroup;
			children = (
				4FD7F21628967A5700660917 /* State */,
				4FD7F21528967A5700660917 /* Products */,
			);
			sourceTree = "<group>";
		};
		4FD7F21528967A5700660917 /* Products */ = {
			isa = PBXGroup;
			children = (
				4FD7F21428967A5700660917 /* State */,
			);
			name = Products;
			sourceTree = "<group>";
		};
		4FD7F21628967A5700660917 /* State */ = {
			isa = PBXGroup;
			children = (
				4FD7F21F28967A6100660917 /* Context */,
				4FD7F22028967A6600660917 /* State */,
				4FD7F21728967A5700660917 /* main.swift */,
			);
			path = State;
			sourceTree = "<group>";
		};
		4FD7F21F28967A6100660917 /* Context */ = {
			isa = PBXGroup;
			children = (
				4FD7F22428967A8F00660917 /* Work.swift */,
			);
			path = Context;
			sourceTree = "<group>";
		};
		4FD7F22028967A6600660917 /* State */ = {
			isa = PBXGroup;
			children = (
				4FD7F22128967A6F00660917 /* State.swift */,
				4FD7F22728967BE900660917 /* ForenoonState.swift */,
				4FD7F22A28967C3300660917 /* NoonState.swift */,
				4FD7F22D28967C5600660917 /* AfternoonState.swift */,
				4FD7F23028967C7200660917 /* EveningState.swift */,
				4FD7F23328967C8900660917 /* SleepingState.swift */,
				4FD7F23628967CAA00660917 /* RestState.swift */,
			);
			path = State;
			sourceTree = "<group>";
		};
/* End PBXGroup section */

/* Begin PBXNativeTarget section */
		4FD7F21328967A5700660917 /* State */ = {
			isa = PBXNativeTarget;
			buildConfigurationList = 4FD7F21B28967A5700660917 /* Build configuration list for PBXNativeTarget "State" */;
			buildPhases = (
				4FD7F21028967A5700660917 /* Sources */,
				4FD7F21128967A5700660917 /* Frameworks */,
				4FD7F21228967A5700660917 /* CopyFiles */,
			);
			buildRules = (
			);
			dependencies = (
			);
			name = State;
			productName = State;
			productReference = 4FD7F21428967A5700660917 /* State */;
			productType = "com.apple.product-type.tool";
		};
/* End PBXNativeTarget section */

/* Begin PBXProject section */
		4FD7F20C28967A5700660917 /* Project object */ = {
			isa = PBXProject;
			attributes = {
				LastSwiftUpdateCheck = 1240;
				LastUpgradeCheck = 1240;
				TargetAttributes = {
					4FD7F21328967A5700660917 = {
						CreatedOnToolsVersion = 12.4;
					};
				};
			};
			buildConfigurationList = 4FD7F20F28967A5700660917 /* Build configuration list for PBXProject "State" */;
			compatibilityVersion = "Xcode 9.3";
			developmentRegion = en;
			hasScannedForEncodings = 0;
			knownRegions = (
				en,
				Base,
			);
			mainGroup = 4FD7F20B28967A5700660917;
			productRefGroup = 4FD7F21528967A5700660917 /* Products */;
			projectDirPath = "";
			projectRoot = "";
			targets = (
				4FD7F21328967A5700660917 /* State */,
			);
		};
/* End PBXProject section */

/* Begin PBXSourcesBuildPhase section */
		4FD7F21028967A5700660917 /* Sources */ = {
			isa = PBXSourcesBuildPhase;
			buildActionMask = 2147483647;
			files = (
				4FD7F22E28967C5600660917 /* AfternoonState.swift in Sources */,
				4FD7F21828967A5700660917 /* main.swift in Sources */,
				4FD7F22828967BE900660917 /* ForenoonState.swift in Sources */,
				4FD7F22228967A6F00660917 /* State.swift in Sources */,
				4FD7F22528967A8F00660917 /* Work.swift in Sources */,
				4FD7F22B28967C3300660917 /* NoonState.swift in Sources */,
				4FD7F23428967C8900660917 /* SleepingState.swift in Sources */,
				4FD7F23728967CAA00660917 /* RestState.swift in Sources */,
				4FD7F23128967C7200660917 /* EveningState.swift in Sources */,
			);
			runOnlyForDeploymentPostprocessing = 0;
		};
/* End PBXSourcesBuildPhase section */

/* Begin XCBuildConfiguration section */
		4FD7F21928967A5700660917 /* Debug */ = {
			isa = XCBuildConfiguration;
			buildSettings = {
				ALWAYS_SEARCH_USER_PATHS = NO;
				CLANG_ANALYZER_NONNULL = YES;
				CLANG_ANALYZER_NUMBER_OBJECT_CONVERSION = YES_AGGRESSIVE;
				CLANG_CXX_LANGUAGE_STANDARD = "gnu++14";
				CLANG_CXX_LIBRARY = "libc++";
				CLANG_ENABLE_MODULES = YES;
				CLANG_ENABLE_OBJC_ARC = YES;
				CLANG_ENABLE_OBJC_WEAK = YES;
				CLANG_WARN_BLOCK_CAPTURE_AUTORELEASING = YES;
				CLANG_WARN_BOOL_CONVERSION = YES;
				CLANG_WARN_COMMA = YES;
				CLANG_WARN_CONSTANT_CONVERSION = YES;
				CLANG_WARN_DEPRECATED_OBJC_IMPLEMENTATIONS = YES;
				CLANG_WARN_DIRECT_OBJC_ISA_USAGE = YES_ERROR;
				CLANG_WARN_DOCUMENTATION_COMMENTS = YES;
				CLANG_WARN_EMPTY_BODY = YES;
				CLANG_WARN_ENUM_CONVERSION = YES;
				CLANG_WARN_INFINITE_RECURSION = YES;
				CLANG_WARN_INT_CONVERSION = YES;
				CLANG_WARN_NON_LITERAL_NULL_CONVERSION = YES;
				CLANG_WARN_OBJC_IMPLICIT_RETAIN_SELF = YES;
				CLANG_WARN_OBJC_LITERAL_CONVERSION = YES;
				CLANG_WARN_OBJC_ROOT_CLASS = YES_ERROR;
				CLANG_WARN_QUOTED_INCLUDE_IN_FRAMEWORK_HEADER = YES;
				CLANG_WARN_RANGE_LOOP_ANALYSIS = YES;
				CLANG_WARN_STRICT_PROTOTYPES = YES;
				CLANG_WARN_SUSPICIOUS_MOVE = YES;
				CLANG_WARN_UNGUARDED_AVAILABILITY = YES_AGGRESSIVE;
				CLANG_WARN_UNREACHABLE_CODE = YES;
				CLANG_WARN__DUPLICATE_METHOD_MATCH = YES;
				COPY_PHASE_STRIP = NO;
				DEBUG_INFORMATION_FORMAT = dwarf;
				ENABLE_STRICT_OBJC_MSGSEND = YES;
				ENABLE_TESTABILITY = YES;
				GCC_C_LANGUAGE_STANDARD = gnu11;
				GCC_DYNAMIC_NO_PIC = NO;
				GCC_NO_COMMON_BLOCKS = YES;
				GCC_OPTIMIZATION_LEVEL = 0;
				GCC_PREPROCESSOR_DEFINITIONS = (
					"DEBUG=1",
					"$(inherited)",
				);
				GCC_WARN_64_TO_32_BIT_CONVERSION = YES;
				GCC_WARN_ABOUT_RETURN_TYPE = YES_ERROR;
				GCC_WARN_UNDECLARED_SELECTOR = YES;
				GCC_WARN_UNINITIALIZED_AUTOS = YES_AGGRESSIVE;
				GCC_WARN_UNUSED_FUNCTION = YES;
				GCC_WARN_UNUSED_VARIABLE = YES;
				MACOSX_DEPLOYMENT_TARGET = 11.1;
				MTL_ENABLE_DEBUG_INFO = INCLUDE_SOURCE;
				MTL_FAST_MATH = YES;
				ONLY_ACTIVE_ARCH = YES;
				SDKROOT = macosx;
				SWIFT_ACTIVE_COMPILATION_CONDITIONS = DEBUG;
				SWIFT_OPTIMIZATION_LEVEL = "-Onone";
			};
			name = Debug;
		};
		4FD7F21A28967A5700660917 /* Release */ = {
			isa = XCBuildConfiguration;
			buildSettings = {
				ALWAYS_SEARCH_USER_PATHS = NO;
				CLANG_ANALYZER_NONNULL = YES;
				CLANG_ANALYZER_NUMBER_OBJECT_CONVERSION = YES_AGGRESSIVE;
				CLANG_CXX_LANGUAGE_STANDARD = "gnu++14";
				CLANG_CXX_LIBRARY = "libc++";
				CLANG_ENABLE_MODULES = YES;
				CLANG_ENABLE_OBJC_ARC = YES;
				CLANG_ENABLE_OBJC_WEAK = YES;
				CLANG_WARN_BLOCK_CAPTURE_AUTORELEASING = YES;
				CLANG_WARN_BOOL_CONVERSION = YES;
				CLANG_WARN_COMMA = YES;
				CLANG_WARN_CONSTANT_CONVERSION = YES;
				CLANG_WARN_DEPRECATED_OBJC_IMPLEMENTATIONS = YES;
				CLANG_WARN_DIRECT_OBJC_ISA_USAGE = YES_ERROR;
				CLANG_WARN_DOCUMENTATION_COMMENTS = YES;
				CLANG_WARN_EMPTY_BODY = YES;
				CLANG_WARN_ENUM_CONVERSION = YES;
				CLANG_WARN_INFINITE_RECURSION = YES;
				CLANG_WARN_INT_CONVERSION = YES;
				CLANG_WARN_NON_LITERAL_NULL_CONVERSION = YES;
				CLANG_WARN_OBJC_IMPLICIT_RETAIN_SELF = YES;
				CLANG_WARN_OBJC_LITERAL_CONVERSION = YES;
				CLANG_WARN_OBJC_ROOT_CLASS = YES_ERROR;
				CLANG_WARN_QUOTED_INCLUDE_IN_FRAMEWORK_HEADER = YES;
				CLANG_WARN_RANGE_LOOP_ANALYSIS = YES;
				CLANG_WARN_STRICT_PROTOTYPES = YES;
				CLANG_WARN_SUSPICIOUS_MOVE = YES;
				CLANG_WARN_UNGUARDED_AVAILABILITY = YES_AGGRESSIVE;
				CLANG_WARN_UNREACHABLE_CODE = YES;
				CLANG_WARN__DUPLICATE_METHOD_MATCH = YES;
				COPY_PHASE_STRIP = NO;
				DEBUG_INFORMATION_FORMAT = "dwarf-with-dsym";
				ENABLE_NS_ASSERTIONS = NO;
				ENABLE_STRICT_OBJC_MSGSEND = YES;
				GCC_C_LANGUAGE_STANDARD = gnu11;
				GCC_NO_COMMON_BLOCKS = YES;
				GCC_WARN_64_TO_32_BIT_CONVERSION = YES;
				GCC_WARN_ABOUT_RETURN_TYPE = YES_ERROR;
				GCC_WARN_UNDECLARED_SELECTOR = YES;
				GCC_WARN_UNINITIALIZED_AUTOS = YES_AGGRESSIVE;
				GCC_WARN_UNUSED_FUNCTION = YES;
				GCC_WARN_UNUSED_VARIABLE = YES;
				MACOSX_DEPLOYMENT_TARGET = 11.1;
				MTL_ENABLE_DEBUG_INFO = NO;
				MTL_FAST_MATH = YES;
				SDKROOT = macosx;
				SWIFT_COMPILATION_MODE = wholemodule;
				SWIFT_OPTIMIZATION_LEVEL = "-O";
			};
			name = Release;
		};
		4FD7F21C28967A5700660917 /* Debug */ = {
			isa = XCBuildConfiguration;
			buildSettings = {
				CODE_SIGN_STYLE = Automatic;
				DEVELOPMENT_TEAM = VBXN755W85;
				ENABLE_HARDENED_RUNTIME = YES;
				PRODUCT_NAME = "$(TARGET_NAME)";
				SWIFT_VERSION = 5.0;
			};
			name = Debug;
		};
		4FD7F21D28967A5700660917 /* Release */ = {
			isa = XCBuildConfiguration;
			buildSettings = {
				CODE_SIGN_STYLE = Automatic;
				DEVELOPMENT_TEAM = VBXN755W85;
				ENABLE_HARDENED_RUNTIME = YES;
				PRODUCT_NAME = "$(TARGET_NAME)";
				SWIFT_VERSION = 5.0;
			};
			name = Release;
		};
/* End XCBuildConfiguration section */

/* Begin XCConfigurationList section */
		4FD7F20F28967A5700660917 /* Build configuration list for PBXProject "State" */ = {
			isa = XCConfigurationList;
			buildConfigurations = (
				4FD7F21928967A5700660917 /* Debug */,
				4FD7F21A28967A5700660917 /* Release */,
			);
			defaultConfigurationIsVisible = 0;
			defaultConfigurationName = Release;
		};
		4FD7F21B28967A5700660917 /* Build configuration list for PBXNativeTarget "State" */ = {
			isa = XCConfigurationList;
			buildConfigurations = (
				4FD7F21C28967A5700660917 /* Debug */,
				4FD7F21D28967A5700660917 /* Release */,
			);
			defaultConfigurationIsVisible = 0;
			defaultConfigurationName = Release;
		};
/* End XCConfigurationList section */
	};
	rootObject = 4FD7F20C28967A5700660917 /* Project object */;
}
