// !$*UTF8*$!
{
	archiveVersion = 1;
	classes = {
	};
	objectVersion = 55;
	objects = {

/* Begin PBXBuildFile section */
		267C5C0328A20979008CD923 /* main.swift in Sources */ = {isa = PBXBuildFile; fileRef = 267C5C0228A20979008CD923 /* main.swift */; };
		267C5C0B28A209AD008CD923 /* Request.swift in Sources */ = {isa = PBXBuildFile; fileRef = 267C5C0A28A209AD008CD923 /* Request.swift */; };
		267C5C0E28A20A16008CD923 /* Manager.swift in Sources */ = {isa = PBXBuildFile; fileRef = 267C5C0D28A20A16008CD923 /* Manager.swift */; };
		267C5C1028A20A68008CD923 /* CommonManager.swift in Sources */ = {isa = PBXBuildFile; fileRef = 267C5C0F28A20A68008CD923 /* CommonManager.swift */; };
		267C5C1228A20AD0008CD923 /* MajordomoManager.swift in Sources */ = {isa = PBXBuildFile; fileRef = 267C5C1128A20AD0008CD923 /* MajordomoManager.swift */; };
		267C5C1428A20B08008CD923 /* GeneralManager.swift in Sources */ = {isa = PBXBuildFile; fileRef = 267C5C1328A20B08008CD923 /* GeneralManager.swift */; };
/* End PBXBuildFile section */

/* Begin PBXCopyFilesBuildPhase section */
		267C5BFD28A20979008CD923 /* CopyFiles */ = {
			isa = PBXCopyFilesBuildPhase;
			buildActionMask = 2147483647;
			dstPath = /usr/share/man/man1/;
			dstSubfolderSpec = 0;
			files = (
			);
			runOnlyForDeploymentPostprocessing = 1;
		};
/* End PBXCopyFilesBuildPhase section */

/* Begin PBXFileReference section */
		267C5BFF28A20979008CD923 /* ChainOfResponsbility */ = {isa = PBXFileReference; explicitFileType = "compiled.mach-o.executable"; includeInIndex = 0; path = ChainOfResponsbility; sourceTree = BUILT_PRODUCTS_DIR; };
		267C5C0228A20979008CD923 /* main.swift */ = {isa = PBXFileReference; lastKnownFileType = sourcecode.swift; path = main.swift; sourceTree = "<group>"; };
		267C5C0A28A209AD008CD923 /* Request.swift */ = {isa = PBXFileReference; lastKnownFileType = sourcecode.swift; path = Request.swift; sourceTree = "<group>"; };
		267C5C0D28A20A16008CD923 /* Manager.swift */ = {isa = PBXFileReference; lastKnownFileType = sourcecode.swift; path = Manager.swift; sourceTree = "<group>"; };
		267C5C0F28A20A68008CD923 /* CommonManager.swift */ = {isa = PBXFileReference; lastKnownFileType = sourcecode.swift; path = CommonManager.swift; sourceTree = "<group>"; };
		267C5C1128A20AD0008CD923 /* MajordomoManager.swift */ = {isa = PBXFileReference; lastKnownFileType = sourcecode.swift; path = MajordomoManager.swift; sourceTree = "<group>"; };
		267C5C1328A20B08008CD923 /* GeneralManager.swift */ = {isa = PBXFileReference; lastKnownFileType = sourcecode.swift; path = GeneralManager.swift; sourceTree = "<group>"; };
/* End PBXFileReference section */

/* Begin PBXFrameworksBuildPhase section */
		267C5BFC28A20979008CD923 /* Frameworks */ = {
			isa = PBXFrameworksBuildPhase;
			buildActionMask = 2147483647;
			files = (
			);
			runOnlyForDeploymentPostprocessing = 0;
		};
/* End PBXFrameworksBuildPhase section */

/* Begin PBXGroup section */
		267C5BF628A20979008CD923 = {
			isa = PBXGroup;
			children = (
				267C5C0128A20979008CD923 /* ChainOfResponsbility */,
				267C5C0028A20979008CD923 /* Products */,
			);
			sourceTree = "<group>";
		};
		267C5C0028A20979008CD923 /* Products */ = {
			isa = PBXGroup;
			children = (
				267C5BFF28A20979008CD923 /* ChainOfResponsbility */,
			);
			name = Products;
			sourceTree = "<group>";
		};
		267C5C0128A20979008CD923 /* ChainOfResponsbility */ = {
			isa = PBXGroup;
			children = (
				267C5C0C28A209FE008CD923 /* Manager */,
				267C5C0928A209A1008CD923 /* Request */,
				267C5C0228A20979008CD923 /* main.swift */,
			);
			path = ChainOfResponsbility;
			sourceTree = "<group>";
		};
		267C5C0928A209A1008CD923 /* Request */ = {
			isa = PBXGroup;
			children = (
				267C5C0A28A209AD008CD923 /* Request.swift */,
			);
			path = Request;
			sourceTree = "<group>";
		};
		267C5C0C28A209FE008CD923 /* Manager */ = {
			isa = PBXGroup;
			children = (
				267C5C0D28A20A16008CD923 /* Manager.swift */,
				267C5C0F28A20A68008CD923 /* CommonManager.swift */,
				267C5C1128A20AD0008CD923 /* MajordomoManager.swift */,
				267C5C1328A20B08008CD923 /* GeneralManager.swift */,
			);
			path = Manager;
			sourceTree = "<group>";
		};
/* End PBXGroup section */

/* Begin PBXNativeTarget section */
		267C5BFE28A20979008CD923 /* ChainOfResponsbility */ = {
			isa = PBXNativeTarget;
			buildConfigurationList = 267C5C0628A20979008CD923 /* Build configuration list for PBXNativeTarget "ChainOfResponsbility" */;
			buildPhases = (
				267C5BFB28A20979008CD923 /* Sources */,
				267C5BFC28A20979008CD923 /* Frameworks */,
				267C5BFD28A20979008CD923 /* CopyFiles */,
			);
			buildRules = (
			);
			dependencies = (
			);
			name = ChainOfResponsbility;
			productName = ChainOfResponsbility;
			productReference = 267C5BFF28A20979008CD923 /* ChainOfResponsbility */;
			productType = "com.apple.product-type.tool";
		};
/* End PBXNativeTarget section */

/* Begin PBXProject section */
		267C5BF728A20979008CD923 /* Project object */ = {
			isa = PBXProject;
			attributes = {
				BuildIndependentTargetsInParallel = 1;
				LastSwiftUpdateCheck = 1330;
				LastUpgradeCheck = 1330;
				TargetAttributes = {
					267C5BFE28A20979008CD923 = {
						CreatedOnToolsVersion = 13.3.1;
					};
				};
			};
			buildConfigurationList = 267C5BFA28A20979008CD923 /* Build configuration list for PBXProject "ChainOfResponsbility" */;
			compatibilityVersion = "Xcode 13.0";
			developmentRegion = en;
			hasScannedForEncodings = 0;
			knownRegions = (
				en,
				Base,
			);
			mainGroup = 267C5BF628A20979008CD923;
			productRefGroup = 267C5C0028A20979008CD923 /* Products */;
			projectDirPath = "";
			projectRoot = "";
			targets = (
				267C5BFE28A20979008CD923 /* ChainOfResponsbility */,
			);
		};
/* End PBXProject section */

/* Begin PBXSourcesBuildPhase section */
		267C5BFB28A20979008CD923 /* Sources */ = {
			isa = PBXSourcesBuildPhase;
			buildActionMask = 2147483647;
			files = (
				267C5C1428A20B08008CD923 /* GeneralManager.swift in Sources */,
				267C5C0328A20979008CD923 /* main.swift in Sources */,
				267C5C0E28A20A16008CD923 /* Manager.swift in Sources */,
				267C5C1028A20A68008CD923 /* CommonManager.swift in Sources */,
				267C5C1228A20AD0008CD923 /* MajordomoManager.swift in Sources */,
				267C5C0B28A209AD008CD923 /* Request.swift in Sources */,
			);
			runOnlyForDeploymentPostprocessing = 0;
		};
/* End PBXSourcesBuildPhase section */

/* Begin XCBuildConfiguration section */
		267C5C0428A20979008CD923 /* Debug */ = {
			isa = XCBuildConfiguration;
			buildSettings = {
				ALWAYS_SEARCH_USER_PATHS = NO;
				CLANG_ANALYZER_NONNULL = YES;
				CLANG_ANALYZER_NUMBER_OBJECT_CONVERSION = YES_AGGRESSIVE;
				CLANG_CXX_LANGUAGE_STANDARD = "gnu++17";
				CLANG_ENABLE_MODULES = YES;
				CLANG_ENABLE_OBJC_ARC = YES;
				CLANG_ENABLE_OBJC_WEAK = YES;
				CLANG_WARN_BLOCK_CAPTURE_AUTORELEASING = YES;
				CLANG_WARN_BOOL_CONVERSION = YES;
				CLANG_WARN_COMMA = YES;
				CLANG_WARN_CONSTANT_CONVERSION = YES;
				CLANG_WARN_DEPRECATED_OBJC_IMPLEMENTATIONS = YES;
				CLANG_WARN_DIRECT_OBJC_ISA_USAGE = YES_ERROR;
				CLANG_WARN_DOCUMENTATION_COMMENTS = YES;
				CLANG_WARN_EMPTY_BODY = YES;
				CLANG_WARN_ENUM_CONVERSION = YES;
				CLANG_WARN_INFINITE_RECURSION = YES;
				CLANG_WARN_INT_CONVERSION = YES;
				CLANG_WARN_NON_LITERAL_NULL_CONVERSION = YES;
				CLANG_WARN_OBJC_IMPLICIT_RETAIN_SELF = YES;
				CLANG_WARN_OBJC_LITERAL_CONVERSION = YES;
				CLANG_WARN_OBJC_ROOT_CLASS = YES_ERROR;
				CLANG_WARN_QUOTED_INCLUDE_IN_FRAMEWORK_HEADER = YES;
				CLANG_WARN_RANGE_LOOP_ANALYSIS = YES;
				CLANG_WARN_STRICT_PROTOTYPES = YES;
				CLANG_WARN_SUSPICIOUS_MOVE = YES;
				CLANG_WARN_UNGUARDED_AVAILABILITY = YES_AGGRESSIVE;
				CLANG_WARN_UNREACHABLE_CODE = YES;
				CLANG_WARN__DUPLICATE_METHOD_MATCH = YES;
				COPY_PHASE_STRIP = NO;
				DEBUG_INFORMATION_FORMAT = dwarf;
				ENABLE_STRICT_OBJC_MSGSEND = YES;
				ENABLE_TESTABILITY = YES;
				GCC_C_LANGUAGE_STANDARD = gnu11;
				GCC_DYNAMIC_NO_PIC = NO;
				GCC_NO_COMMON_BLOCKS = YES;
				GCC_OPTIMIZATION_LEVEL = 0;
				GCC_PREPROCESSOR_DEFINITIONS = (
					"DEBUG=1",
					"$(inherited)",
				);
				GCC_WARN_64_TO_32_BIT_CONVERSION = YES;
				GCC_WARN_ABOUT_RETURN_TYPE = YES_ERROR;
				GCC_WARN_UNDECLARED_SELECTOR = YES;
				GCC_WARN_UNINITIALIZED_AUTOS = YES_AGGRESSIVE;
				GCC_WARN_UNUSED_FUNCTION = YES;
				GCC_WARN_UNUSED_VARIABLE = YES;
				MACOSX_DEPLOYMENT_TARGET = 12.2;
				MTL_ENABLE_DEBUG_INFO = INCLUDE_SOURCE;
				MTL_FAST_MATH = YES;
				ONLY_ACTIVE_ARCH = YES;
				SDKROOT = macosx;
				SWIFT_ACTIVE_COMPILATION_CONDITIONS = DEBUG;
				SWIFT_OPTIMIZATION_LEVEL = "-Onone";
			};
			name = Debug;
		};
		267C5C0528A20979008CD923 /* Release */ = {
			isa = XCBuildConfiguration;
			buildSettings = {
				ALWAYS_SEARCH_USER_PATHS = NO;
				CLANG_ANALYZER_NONNULL = YES;
				CLANG_ANALYZER_NUMBER_OBJECT_CONVERSION = YES_AGGRESSIVE;
				CLANG_CXX_LANGUAGE_STANDARD = "gnu++17";
				CLANG_ENABLE_MODULES = YES;
				CLANG_ENABLE_OBJC_ARC = YES;
				CLANG_ENABLE_OBJC_WEAK = YES;
				CLANG_WARN_BLOCK_CAPTURE_AUTORELEASING = YES;
				CLANG_WARN_BOOL_CONVERSION = YES;
				CLANG_WARN_COMMA = YES;
				CLANG_WARN_CONSTANT_CONVERSION = YES;
				CLANG_WARN_DEPRECATED_OBJC_IMPLEMENTATIONS = YES;
				CLANG_WARN_DIRECT_OBJC_ISA_USAGE = YES_ERROR;
				CLANG_WARN_DOCUMENTATION_COMMENTS = YES;
				CLANG_WARN_EMPTY_BODY = YES;
				CLANG_WARN_ENUM_CONVERSION = YES;
				CLANG_WARN_INFINITE_RECURSION = YES;
				CLANG_WARN_INT_CONVERSION = YES;
				CLANG_WARN_NON_LITERAL_NULL_CONVERSION = YES;
				CLANG_WARN_OBJC_IMPLICIT_RETAIN_SELF = YES;
				CLANG_WARN_OBJC_LITERAL_CONVERSION = YES;
				CLANG_WARN_OBJC_ROOT_CLASS = YES_ERROR;
				CLANG_WARN_QUOTED_INCLUDE_IN_FRAMEWORK_HEADER = YES;
				CLANG_WARN_RANGE_LOOP_ANALYSIS = YES;
				CLANG_WARN_STRICT_PROTOTYPES = YES;
				CLANG_WARN_SUSPICIOUS_MOVE = YES;
				CLANG_WARN_UNGUARDED_AVAILABILITY = YES_AGGRESSIVE;
				CLANG_WARN_UNREACHABLE_CODE = YES;
				CLANG_WARN__DUPLICATE_METHOD_MATCH = YES;
				COPY_PHASE_STRIP = NO;
				DEBUG_INFORMATION_FORMAT = "dwarf-with-dsym";
				ENABLE_NS_ASSERTIONS = NO;
				ENABLE_STRICT_OBJC_MSGSEND = YES;
				GCC_C_LANGUAGE_STANDARD = gnu11;
				GCC_NO_COMMON_BLOCKS = YES;
				GCC_WARN_64_TO_32_BIT_CONVERSION = YES;
				GCC_WARN_ABOUT_RETURN_TYPE = YES_ERROR;
				GCC_WARN_UNDECLARED_SELECTOR = YES;
				GCC_WARN_UNINITIALIZED_AUTOS = YES_AGGRESSIVE;
				GCC_WARN_UNUSED_FUNCTION = YES;
				GCC_WARN_UNUSED_VARIABLE = YES;
				MACOSX_DEPLOYMENT_TARGET = 12.2;
				MTL_ENABLE_DEBUG_INFO = NO;
				MTL_FAST_MATH = YES;
				SDKROOT = macosx;
				SWIFT_COMPILATION_MODE = wholemodule;
				SWIFT_OPTIMIZATION_LEVEL = "-O";
			};
			name = Release;
		};
		267C5C0728A20979008CD923 /* Debug */ = {
			isa = XCBuildConfiguration;
			buildSettings = {
				CODE_SIGN_STYLE = Automatic;
				DEVELOPMENT_TEAM = VBXN755W85;
				ENABLE_HARDENED_RUNTIME = YES;
				PRODUCT_NAME = "$(TARGET_NAME)";
				SWIFT_VERSION = 5.0;
			};
			name = Debug;
		};
		267C5C0828A20979008CD923 /* Release */ = {
			isa = XCBuildConfiguration;
			buildSettings = {
				CODE_SIGN_STYLE = Automatic;
				DEVELOPMENT_TEAM = VBXN755W85;
				ENABLE_HARDENED_RUNTIME = YES;
				PRODUCT_NAME = "$(TARGET_NAME)";
				SWIFT_VERSION = 5.0;
			};
			name = Release;
		};
/* End XCBuildConfiguration section */

/* Begin XCConfigurationList section */
		267C5BFA28A20979008CD923 /* Build configuration list for PBXProject "ChainOfResponsbility" */ = {
			isa = XCConfigurationList;
			buildConfigurations = (
				267C5C0428A20979008CD923 /* Debug */,
				267C5C0528A20979008CD923 /* Release */,
			);
			defaultConfigurationIsVisible = 0;
			defaultConfigurationName = Release;
		};
		267C5C0628A20979008CD923 /* Build configuration list for PBXNativeTarget "ChainOfResponsbility" */ = {
			isa = XCConfigurationList;
			buildConfigurations = (
				267C5C0728A20979008CD923 /* Debug */,
				267C5C0828A20979008CD923 /* Release */,
			);
			defaultConfigurationIsVisible = 0;
			defaultConfigurationName = Release;
		};
/* End XCConfigurationList section */
	};
	rootObject = 267C5BF728A20979008CD923 /* Project object */;
}
