// !$*UTF8*$!
{
	archiveVersion = 1;
	classes = {
	};
	objectVersion = 50;
	objects = {

/* Begin PBXBuildFile section */
		4FD7F10F2882E5AC00660917 /* main.swift in Sources */ = {isa = PBXBuildFile; fileRef = 4FD7F10E2882E5AC00660917 /* main.swift */; };
		4FD7F11B2882E77500660917 /* CashContext.swift in Sources */ = {isa = PBXBuildFile; fileRef = 4FD7F11A2882E77500660917 /* CashContext.swift */; };
		4FD7F11F2882E84400660917 /* BaseCash.swift in Sources */ = {isa = PBXBuildFile; fileRef = 4FD7F11E2882E84400660917 /* BaseCash.swift */; };
		4FD7F1222882E90000660917 /* CashNormal.swift in Sources */ = {isa = PBXBuildFile; fileRef = 4FD7F1212882E90000660917 /* CashNormal.swift */; };
		4FD7F1252882E92B00660917 /* CashRebate.swift in Sources */ = {isa = PBXBuildFile; fileRef = 4FD7F1242882E92B00660917 /* CashRebate.swift */; };
		4FD7F1282882E9ED00660917 /* CashReturn.swift in Sources */ = {isa = PBXBuildFile; fileRef = 4FD7F1272882E9ED00660917 /* CashReturn.swift */; };
/* End PBXBuildFile section */

/* Begin PBXCopyFilesBuildPhase section */
		4FD7F1092882E5AC00660917 /* CopyFiles */ = {
			isa = PBXCopyFilesBuildPhase;
			buildActionMask = 2147483647;
			dstPath = /usr/share/man/man1/;
			dstSubfolderSpec = 0;
			files = (
			);
			runOnlyForDeploymentPostprocessing = 1;
		};
/* End PBXCopyFilesBuildPhase section */

/* Begin PBXFileReference section */
		4FD7F10B2882E5AC00660917 /* Strategy */ = {isa = PBXFileReference; explicitFileType = "compiled.mach-o.executable"; includeInIndex = 0; path = Strategy; sourceTree = BUILT_PRODUCTS_DIR; };
		4FD7F10E2882E5AC00660917 /* main.swift */ = {isa = PBXFileReference; lastKnownFileType = sourcecode.swift; path = main.swift; sourceTree = "<group>"; };
		4FD7F11A2882E77500660917 /* CashContext.swift */ = {isa = PBXFileReference; lastKnownFileType = sourcecode.swift; path = CashContext.swift; sourceTree = "<group>"; };
		4FD7F11E2882E84400660917 /* BaseCash.swift */ = {isa = PBXFileReference; lastKnownFileType = sourcecode.swift; path = BaseCash.swift; sourceTree = "<group>"; };
		4FD7F1212882E90000660917 /* CashNormal.swift */ = {isa = PBXFileReference; lastKnownFileType = sourcecode.swift; path = CashNormal.swift; sourceTree = "<group>"; };
		4FD7F1242882E92B00660917 /* CashRebate.swift */ = {isa = PBXFileReference; lastKnownFileType = sourcecode.swift; path = CashRebate.swift; sourceTree = "<group>"; };
		4FD7F1272882E9ED00660917 /* CashReturn.swift */ = {isa = PBXFileReference; lastKnownFileType = sourcecode.swift; path = CashReturn.swift; sourceTree = "<group>"; };
/* End PBXFileReference section */

/* Begin PBXFrameworksBuildPhase section */
		4FD7F1082882E5AC00660917 /* Frameworks */ = {
			isa = PBXFrameworksBuildPhase;
			buildActionMask = 2147483647;
			files = (
			);
			runOnlyForDeploymentPostprocessing = 0;
		};
/* End PBXFrameworksBuildPhase section */

/* Begin PBXGroup section */
		4FD7F1022882E5AC00660917 = {
			isa = PBXGroup;
			children = (
				4FD7F10D2882E5AC00660917 /* Strategy */,
				4FD7F10C2882E5AC00660917 /* Products */,
			);
			sourceTree = "<group>";
		};
		4FD7F10C2882E5AC00660917 /* Products */ = {
			isa = PBXGroup;
			children = (
				4FD7F10B2882E5AC00660917 /* Strategy */,
			);
			name = Products;
			sourceTree = "<group>";
		};
		4FD7F10D2882E5AC00660917 /* Strategy */ = {
			isa = PBXGroup;
			children = (
				4FD7F1182882E75100660917 /* Strategy */,
				4FD7F10E2882E5AC00660917 /* main.swift */,
			);
			path = Strategy;
			sourceTree = "<group>";
		};
		4FD7F1182882E75100660917 /* Strategy */ = {
			isa = PBXGroup;
			children = (
				4FD7F11D2882E81E00660917 /* Cash */,
				4FD7F1192882E75C00660917 /* Context */,
			);
			path = Strategy;
			sourceTree = "<group>";
		};
		4FD7F1192882E75C00660917 /* Context */ = {
			isa = PBXGroup;
			children = (
				4FD7F11A2882E77500660917 /* CashContext.swift */,
			);
			path = Context;
			sourceTree = "<group>";
		};
		4FD7F11D2882E81E00660917 /* Cash */ = {
			isa = PBXGroup;
			children = (
				4FD7F11E2882E84400660917 /* BaseCash.swift */,
				4FD7F1212882E90000660917 /* CashNormal.swift */,
				4FD7F1242882E92B00660917 /* CashRebate.swift */,
				4FD7F1272882E9ED00660917 /* CashReturn.swift */,
			);
			path = Cash;
			sourceTree = "<group>";
		};
/* End PBXGroup section */

/* Begin PBXNativeTarget section */
		4FD7F10A2882E5AC00660917 /* Strategy */ = {
			isa = PBXNativeTarget;
			buildConfigurationList = 4FD7F1122882E5AC00660917 /* Build configuration list for PBXNativeTarget "Strategy" */;
			buildPhases = (
				4FD7F1072882E5AC00660917 /* Sources */,
				4FD7F1082882E5AC00660917 /* Frameworks */,
				4FD7F1092882E5AC00660917 /* CopyFiles */,
			);
			buildRules = (
			);
			dependencies = (
			);
			name = Strategy;
			productName = Strategy;
			productReference = 4FD7F10B2882E5AC00660917 /* Strategy */;
			productType = "com.apple.product-type.tool";
		};
/* End PBXNativeTarget section */

/* Begin PBXProject section */
		4FD7F1032882E5AC00660917 /* Project object */ = {
			isa = PBXProject;
			attributes = {
				LastSwiftUpdateCheck = 1240;
				LastUpgradeCheck = 1240;
				TargetAttributes = {
					4FD7F10A2882E5AC00660917 = {
						CreatedOnToolsVersion = 12.4;
					};
				};
			};
			buildConfigurationList = 4FD7F1062882E5AC00660917 /* Build configuration list for PBXProject "Strategy" */;
			compatibilityVersion = "Xcode 9.3";
			developmentRegion = en;
			hasScannedForEncodings = 0;
			knownRegions = (
				en,
				Base,
			);
			mainGroup = 4FD7F1022882E5AC00660917;
			productRefGroup = 4FD7F10C2882E5AC00660917 /* Products */;
			projectDirPath = "";
			projectRoot = "";
			targets = (
				4FD7F10A2882E5AC00660917 /* Strategy */,
			);
		};
/* End PBXProject section */

/* Begin PBXSourcesBuildPhase section */
		4FD7F1072882E5AC00660917 /* Sources */ = {
			isa = PBXSourcesBuildPhase;
			buildActionMask = 2147483647;
			files = (
				4FD7F1282882E9ED00660917 /* CashReturn.swift in Sources */,
				4FD7F11B2882E77500660917 /* CashContext.swift in Sources */,
				4FD7F10F2882E5AC00660917 /* main.swift in Sources */,
				4FD7F1252882E92B00660917 /* CashRebate.swift in Sources */,
				4FD7F11F2882E84400660917 /* BaseCash.swift in Sources */,
				4FD7F1222882E90000660917 /* CashNormal.swift in Sources */,
			);
			runOnlyForDeploymentPostprocessing = 0;
		};
/* End PBXSourcesBuildPhase section */

/* Begin XCBuildConfiguration section */
		4FD7F1102882E5AC00660917 /* Debug */ = {
			isa = XCBuildConfiguration;
			buildSettings = {
				ALWAYS_SEARCH_USER_PATHS = NO;
				CLANG_ANALYZER_NONNULL = YES;
				CLANG_ANALYZER_NUMBER_OBJECT_CONVERSION = YES_AGGRESSIVE;
				CLANG_CXX_LANGUAGE_STANDARD = "gnu++14";
				CLANG_CXX_LIBRARY = "libc++";
				CLANG_ENABLE_MODULES = YES;
				CLANG_ENABLE_OBJC_ARC = YES;
				CLANG_ENABLE_OBJC_WEAK = YES;
				CLANG_WARN_BLOCK_CAPTURE_AUTORELEASING = YES;
				CLANG_WARN_BOOL_CONVERSION = YES;
				CLANG_WARN_COMMA = YES;
				CLANG_WARN_CONSTANT_CONVERSION = YES;
				CLANG_WARN_DEPRECATED_OBJC_IMPLEMENTATIONS = YES;
				CLANG_WARN_DIRECT_OBJC_ISA_USAGE = YES_ERROR;
				CLANG_WARN_DOCUMENTATION_COMMENTS = YES;
				CLANG_WARN_EMPTY_BODY = YES;
				CLANG_WARN_ENUM_CONVERSION = YES;
				CLANG_WARN_INFINITE_RECURSION = YES;
				CLANG_WARN_INT_CONVERSION = YES;
				CLANG_WARN_NON_LITERAL_NULL_CONVERSION = YES;
				CLANG_WARN_OBJC_IMPLICIT_RETAIN_SELF = YES;
				CLANG_WARN_OBJC_LITERAL_CONVERSION = YES;
				CLANG_WARN_OBJC_ROOT_CLASS = YES_ERROR;
				CLANG_WARN_QUOTED_INCLUDE_IN_FRAMEWORK_HEADER = YES;
				CLANG_WARN_RANGE_LOOP_ANALYSIS = YES;
				CLANG_WARN_STRICT_PROTOTYPES = YES;
				CLANG_WARN_SUSPICIOUS_MOVE = YES;
				CLANG_WARN_UNGUARDED_AVAILABILITY = YES_AGGRESSIVE;
				CLANG_WARN_UNREACHABLE_CODE = YES;
				CLANG_WARN__DUPLICATE_METHOD_MATCH = YES;
				COPY_PHASE_STRIP = NO;
				DEBUG_INFORMATION_FORMAT = dwarf;
				ENABLE_STRICT_OBJC_MSGSEND = YES;
				ENABLE_TESTABILITY = YES;
				GCC_C_LANGUAGE_STANDARD = gnu11;
				GCC_DYNAMIC_NO_PIC = NO;
				GCC_NO_COMMON_BLOCKS = YES;
				GCC_OPTIMIZATION_LEVEL = 0;
				GCC_PREPROCESSOR_DEFINITIONS = (
					"DEBUG=1",
					"$(inherited)",
				);
				GCC_WARN_64_TO_32_BIT_CONVERSION = YES;
				GCC_WARN_ABOUT_RETURN_TYPE = YES_ERROR;
				GCC_WARN_UNDECLARED_SELECTOR = YES;
				GCC_WARN_UNINITIALIZED_AUTOS = YES_AGGRESSIVE;
				GCC_WARN_UNUSED_FUNCTION = YES;
				GCC_WARN_UNUSED_VARIABLE = YES;
				MACOSX_DEPLOYMENT_TARGET = 11.1;
				MTL_ENABLE_DEBUG_INFO = INCLUDE_SOURCE;
				MTL_FAST_MATH = YES;
				ONLY_ACTIVE_ARCH = YES;
				SDKROOT = macosx;
				SWIFT_ACTIVE_COMPILATION_CONDITIONS = DEBUG;
				SWIFT_OPTIMIZATION_LEVEL = "-Onone";
			};
			name = Debug;
		};
		4FD7F1112882E5AC00660917 /* Release */ = {
			isa = XCBuildConfiguration;
			buildSettings = {
				ALWAYS_SEARCH_USER_PATHS = NO;
				CLANG_ANALYZER_NONNULL = YES;
				CLANG_ANALYZER_NUMBER_OBJECT_CONVERSION = YES_AGGRESSIVE;
				CLANG_CXX_LANGUAGE_STANDARD = "gnu++14";
				CLANG_CXX_LIBRARY = "libc++";
				CLANG_ENABLE_MODULES = YES;
				CLANG_ENABLE_OBJC_ARC = YES;
				CLANG_ENABLE_OBJC_WEAK = YES;
				CLANG_WARN_BLOCK_CAPTURE_AUTORELEASING = YES;
				CLANG_WARN_BOOL_CONVERSION = YES;
				CLANG_WARN_COMMA = YES;
				CLANG_WARN_CONSTANT_CONVERSION = YES;
				CLANG_WARN_DEPRECATED_OBJC_IMPLEMENTATIONS = YES;
				CLANG_WARN_DIRECT_OBJC_ISA_USAGE = YES_ERROR;
				CLANG_WARN_DOCUMENTATION_COMMENTS = YES;
				CLANG_WARN_EMPTY_BODY = YES;
				CLANG_WARN_ENUM_CONVERSION = YES;
				CLANG_WARN_INFINITE_RECURSION = YES;
				CLANG_WARN_INT_CONVERSION = YES;
				CLANG_WARN_NON_LITERAL_NULL_CONVERSION = YES;
				CLANG_WARN_OBJC_IMPLICIT_RETAIN_SELF = YES;
				CLANG_WARN_OBJC_LITERAL_CONVERSION = YES;
				CLANG_WARN_OBJC_ROOT_CLASS = YES_ERROR;
				CLANG_WARN_QUOTED_INCLUDE_IN_FRAMEWORK_HEADER = YES;
				CLANG_WARN_RANGE_LOOP_ANALYSIS = YES;
				CLANG_WARN_STRICT_PROTOTYPES = YES;
				CLANG_WARN_SUSPICIOUS_MOVE = YES;
				CLANG_WARN_UNGUARDED_AVAILABILITY = YES_AGGRESSIVE;
				CLANG_WARN_UNREACHABLE_CODE = YES;
				CLANG_WARN__DUPLICATE_METHOD_MATCH = YES;
				COPY_PHASE_STRIP = NO;
				DEBUG_INFORMATION_FORMAT = "dwarf-with-dsym";
				ENABLE_NS_ASSERTIONS = NO;
				ENABLE_STRICT_OBJC_MSGSEND = YES;
				GCC_C_LANGUAGE_STANDARD = gnu11;
				GCC_NO_COMMON_BLOCKS = YES;
				GCC_WARN_64_TO_32_BIT_CONVERSION = YES;
				GCC_WARN_ABOUT_RETURN_TYPE = YES_ERROR;
				GCC_WARN_UNDECLARED_SELECTOR = YES;
				GCC_WARN_UNINITIALIZED_AUTOS = YES_AGGRESSIVE;
				GCC_WARN_UNUSED_FUNCTION = YES;
				GCC_WARN_UNUSED_VARIABLE = YES;
				MACOSX_DEPLOYMENT_TARGET = 11.1;
				MTL_ENABLE_DEBUG_INFO = NO;
				MTL_FAST_MATH = YES;
				SDKROOT = macosx;
				SWIFT_COMPILATION_MODE = wholemodule;
				SWIFT_OPTIMIZATION_LEVEL = "-O";
			};
			name = Release;
		};
		4FD7F1132882E5AC00660917 /* Debug */ = {
			isa = XCBuildConfiguration;
			buildSettings = {
				CODE_SIGN_STYLE = Automatic;
				DEVELOPMENT_TEAM = VBXN755W85;
				ENABLE_HARDENED_RUNTIME = YES;
				PRODUCT_NAME = "$(TARGET_NAME)";
				SWIFT_VERSION = 5.0;
			};
			name = Debug;
		};
		4FD7F1142882E5AC00660917 /* Release */ = {
			isa = XCBuildConfiguration;
			buildSettings = {
				CODE_SIGN_STYLE = Automatic;
				DEVELOPMENT_TEAM = VBXN755W85;
				ENABLE_HARDENED_RUNTIME = YES;
				PRODUCT_NAME = "$(TARGET_NAME)";
				SWIFT_VERSION = 5.0;
			};
			name = Release;
		};
/* End XCBuildConfiguration section */

/* Begin XCConfigurationList section */
		4FD7F1062882E5AC00660917 /* Build configuration list for PBXProject "Strategy" */ = {
			isa = XCConfigurationList;
			buildConfigurations = (
				4FD7F1102882E5AC00660917 /* Debug */,
				4FD7F1112882E5AC00660917 /* Release */,
			);
			defaultConfigurationIsVisible = 0;
			defaultConfigurationName = Release;
		};
		4FD7F1122882E5AC00660917 /* Build configuration list for PBXNativeTarget "Strategy" */ = {
			isa = XCConfigurationList;
			buildConfigurations = (
				4FD7F1132882E5AC00660917 /* Debug */,
				4FD7F1142882E5AC00660917 /* Release */,
			);
			defaultConfigurationIsVisible = 0;
			defaultConfigurationName = Release;
		};
/* End XCConfigurationList section */
	};
	rootObject = 4FD7F1032882E5AC00660917 /* Project object */;
}
