// !$*UTF8*$!
{
	archiveVersion = 1;
	classes = {
	};
	objectVersion = 55;
	objects = {

/* Begin PBXBuildFile section */
		267C5B2C289277AA008CD923 /* main.swift in Sources */ = {isa = PBXBuildFile; fileRef = 267C5B2B289277AA008CD923 /* main.swift */; };
		267C5B35289278A0008CD923 /* Observer.swift in Sources */ = {isa = PBXBuildFile; fileRef = 267C5B34289278A0008CD923 /* Observer.swift */; };
		267C5B372892797C008CD923 /* StockObserver.swift in Sources */ = {isa = PBXBuildFile; fileRef = 267C5B362892797C008CD923 /* StockObserver.swift */; };
		267C5B3928927A02008CD923 /* Subject.swift in Sources */ = {isa = PBXBuildFile; fileRef = 267C5B3828927A02008CD923 /* Subject.swift */; };
		267C5B3B28927B53008CD923 /* NBAObserver.swift in Sources */ = {isa = PBXBuildFile; fileRef = 267C5B3A28927B53008CD923 /* NBAObserver.swift */; };
		267C5B3D28927B8F008CD923 /* SecretSubject.swift in Sources */ = {isa = PBXBuildFile; fileRef = 267C5B3C28927B8F008CD923 /* SecretSubject.swift */; };
/* End PBXBuildFile section */

/* Begin PBXCopyFilesBuildPhase section */
		267C5B26289277AA008CD923 /* CopyFiles */ = {
			isa = PBXCopyFilesBuildPhase;
			buildActionMask = 2147483647;
			dstPath = /usr/share/man/man1/;
			dstSubfolderSpec = 0;
			files = (
			);
			runOnlyForDeploymentPostprocessing = 1;
		};
/* End PBXCopyFilesBuildPhase section */

/* Begin PBXFileReference section */
		267C5B28289277AA008CD923 /* Observer */ = {isa = PBXFileReference; explicitFileType = "compiled.mach-o.executable"; includeInIndex = 0; path = Observer; sourceTree = BUILT_PRODUCTS_DIR; };
		267C5B2B289277AA008CD923 /* main.swift */ = {isa = PBXFileReference; lastKnownFileType = sourcecode.swift; path = main.swift; sourceTree = "<group>"; };
		267C5B34289278A0008CD923 /* Observer.swift */ = {isa = PBXFileReference; lastKnownFileType = sourcecode.swift; path = Observer.swift; sourceTree = "<group>"; };
		267C5B362892797C008CD923 /* StockObserver.swift */ = {isa = PBXFileReference; lastKnownFileType = sourcecode.swift; path = StockObserver.swift; sourceTree = "<group>"; };
		267C5B3828927A02008CD923 /* Subject.swift */ = {isa = PBXFileReference; lastKnownFileType = sourcecode.swift; path = Subject.swift; sourceTree = "<group>"; };
		267C5B3A28927B53008CD923 /* NBAObserver.swift */ = {isa = PBXFileReference; lastKnownFileType = sourcecode.swift; path = NBAObserver.swift; sourceTree = "<group>"; };
		267C5B3C28927B8F008CD923 /* SecretSubject.swift */ = {isa = PBXFileReference; lastKnownFileType = sourcecode.swift; path = SecretSubject.swift; sourceTree = "<group>"; };
/* End PBXFileReference section */

/* Begin PBXFrameworksBuildPhase section */
		267C5B25289277AA008CD923 /* Frameworks */ = {
			isa = PBXFrameworksBuildPhase;
			buildActionMask = 2147483647;
			files = (
			);
			runOnlyForDeploymentPostprocessing = 0;
		};
/* End PBXFrameworksBuildPhase section */

/* Begin PBXGroup section */
		267C5B1F289277AA008CD923 = {
			isa = PBXGroup;
			children = (
				267C5B2A289277AA008CD923 /* Observer */,
				267C5B29289277AA008CD923 /* Products */,
			);
			sourceTree = "<group>";
		};
		267C5B29289277AA008CD923 /* Products */ = {
			isa = PBXGroup;
			children = (
				267C5B28289277AA008CD923 /* Observer */,
			);
			name = Products;
			sourceTree = "<group>";
		};
		267C5B2A289277AA008CD923 /* Observer */ = {
			isa = PBXGroup;
			children = (
				267C5B3328927868008CD923 /* Subject */,
				267C5B322892781D008CD923 /* Observer */,
				267C5B2B289277AA008CD923 /* main.swift */,
			);
			path = Observer;
			sourceTree = "<group>";
		};
		267C5B322892781D008CD923 /* Observer */ = {
			isa = PBXGroup;
			children = (
				267C5B34289278A0008CD923 /* Observer.swift */,
				267C5B362892797C008CD923 /* StockObserver.swift */,
				267C5B3A28927B53008CD923 /* NBAObserver.swift */,
			);
			path = Observer;
			sourceTree = "<group>";
		};
		267C5B3328927868008CD923 /* Subject */ = {
			isa = PBXGroup;
			children = (
				267C5B3828927A02008CD923 /* Subject.swift */,
				267C5B3C28927B8F008CD923 /* SecretSubject.swift */,
			);
			path = Subject;
			sourceTree = "<group>";
		};
/* End PBXGroup section */

/* Begin PBXNativeTarget section */
		267C5B27289277AA008CD923 /* Observer */ = {
			isa = PBXNativeTarget;
			buildConfigurationList = 267C5B2F289277AA008CD923 /* Build configuration list for PBXNativeTarget "Observer" */;
			buildPhases = (
				267C5B24289277AA008CD923 /* Sources */,
				267C5B25289277AA008CD923 /* Frameworks */,
				267C5B26289277AA008CD923 /* CopyFiles */,
			);
			buildRules = (
			);
			dependencies = (
			);
			name = Observer;
			productName = Observer;
			productReference = 267C5B28289277AA008CD923 /* Observer */;
			productType = "com.apple.product-type.tool";
		};
/* End PBXNativeTarget section */

/* Begin PBXProject section */
		267C5B20289277AA008CD923 /* Project object */ = {
			isa = PBXProject;
			attributes = {
				BuildIndependentTargetsInParallel = 1;
				LastSwiftUpdateCheck = 1330;
				LastUpgradeCheck = 1330;
				TargetAttributes = {
					267C5B27289277AA008CD923 = {
						CreatedOnToolsVersion = 13.3.1;
					};
				};
			};
			buildConfigurationList = 267C5B23289277AA008CD923 /* Build configuration list for PBXProject "Observer" */;
			compatibilityVersion = "Xcode 13.0";
			developmentRegion = en;
			hasScannedForEncodings = 0;
			knownRegions = (
				en,
				Base,
			);
			mainGroup = 267C5B1F289277AA008CD923;
			productRefGroup = 267C5B29289277AA008CD923 /* Products */;
			projectDirPath = "";
			projectRoot = "";
			targets = (
				267C5B27289277AA008CD923 /* Observer */,
			);
		};
/* End PBXProject section */

/* Begin PBXSourcesBuildPhase section */
		267C5B24289277AA008CD923 /* Sources */ = {
			isa = PBXSourcesBuildPhase;
			buildActionMask = 2147483647;
			files = (
				267C5B3928927A02008CD923 /* Subject.swift in Sources */,
				267C5B2C289277AA008CD923 /* main.swift in Sources */,
				267C5B3B28927B53008CD923 /* NBAObserver.swift in Sources */,
				267C5B35289278A0008CD923 /* Observer.swift in Sources */,
				267C5B3D28927B8F008CD923 /* SecretSubject.swift in Sources */,
				267C5B372892797C008CD923 /* StockObserver.swift in Sources */,
			);
			runOnlyForDeploymentPostprocessing = 0;
		};
/* End PBXSourcesBuildPhase section */

/* Begin XCBuildConfiguration section */
		267C5B2D289277AA008CD923 /* Debug */ = {
			isa = XCBuildConfiguration;
			buildSettings = {
				ALWAYS_SEARCH_USER_PATHS = NO;
				CLANG_ANALYZER_NONNULL = YES;
				CLANG_ANALYZER_NUMBER_OBJECT_CONVERSION = YES_AGGRESSIVE;
				CLANG_CXX_LANGUAGE_STANDARD = "gnu++17";
				CLANG_ENABLE_MODULES = YES;
				CLANG_ENABLE_OBJC_ARC = YES;
				CLANG_ENABLE_OBJC_WEAK = YES;
				CLANG_WARN_BLOCK_CAPTURE_AUTORELEASING = YES;
				CLANG_WARN_BOOL_CONVERSION = YES;
				CLANG_WARN_COMMA = YES;
				CLANG_WARN_CONSTANT_CONVERSION = YES;
				CLANG_WARN_DEPRECATED_OBJC_IMPLEMENTATIONS = YES;
				CLANG_WARN_DIRECT_OBJC_ISA_USAGE = YES_ERROR;
				CLANG_WARN_DOCUMENTATION_COMMENTS = YES;
				CLANG_WARN_EMPTY_BODY = YES;
				CLANG_WARN_ENUM_CONVERSION = YES;
				CLANG_WARN_INFINITE_RECURSION = YES;
				CLANG_WARN_INT_CONVERSION = YES;
				CLANG_WARN_NON_LITERAL_NULL_CONVERSION = YES;
				CLANG_WARN_OBJC_IMPLICIT_RETAIN_SELF = YES;
				CLANG_WARN_OBJC_LITERAL_CONVERSION = YES;
				CLANG_WARN_OBJC_ROOT_CLASS = YES_ERROR;
				CLANG_WARN_QUOTED_INCLUDE_IN_FRAMEWORK_HEADER = YES;
				CLANG_WARN_RANGE_LOOP_ANALYSIS = YES;
				CLANG_WARN_STRICT_PROTOTYPES = YES;
				CLANG_WARN_SUSPICIOUS_MOVE = YES;
				CLANG_WARN_UNGUARDED_AVAILABILITY = YES_AGGRESSIVE;
				CLANG_WARN_UNREACHABLE_CODE = YES;
				CLANG_WARN__DUPLICATE_METHOD_MATCH = YES;
				COPY_PHASE_STRIP = NO;
				DEBUG_INFORMATION_FORMAT = dwarf;
				ENABLE_STRICT_OBJC_MSGSEND = YES;
				ENABLE_TESTABILITY = YES;
				GCC_C_LANGUAGE_STANDARD = gnu11;
				GCC_DYNAMIC_NO_PIC = NO;
				GCC_NO_COMMON_BLOCKS = YES;
				GCC_OPTIMIZATION_LEVEL = 0;
				GCC_PREPROCESSOR_DEFINITIONS = (
					"DEBUG=1",
					"$(inherited)",
				);
				GCC_WARN_64_TO_32_BIT_CONVERSION = YES;
				GCC_WARN_ABOUT_RETURN_TYPE = YES_ERROR;
				GCC_WARN_UNDECLARED_SELECTOR = YES;
				GCC_WARN_UNINITIALIZED_AUTOS = YES_AGGRESSIVE;
				GCC_WARN_UNUSED_FUNCTION = YES;
				GCC_WARN_UNUSED_VARIABLE = YES;
				MACOSX_DEPLOYMENT_TARGET = 12.2;
				MTL_ENABLE_DEBUG_INFO = INCLUDE_SOURCE;
				MTL_FAST_MATH = YES;
				ONLY_ACTIVE_ARCH = YES;
				SDKROOT = macosx;
				SWIFT_ACTIVE_COMPILATION_CONDITIONS = DEBUG;
				SWIFT_OPTIMIZATION_LEVEL = "-Onone";
			};
			name = Debug;
		};
		267C5B2E289277AA008CD923 /* Release */ = {
			isa = XCBuildConfiguration;
			buildSettings = {
				ALWAYS_SEARCH_USER_PATHS = NO;
				CLANG_ANALYZER_NONNULL = YES;
				CLANG_ANALYZER_NUMBER_OBJECT_CONVERSION = YES_AGGRESSIVE;
				CLANG_CXX_LANGUAGE_STANDARD = "gnu++17";
				CLANG_ENABLE_MODULES = YES;
				CLANG_ENABLE_OBJC_ARC = YES;
				CLANG_ENABLE_OBJC_WEAK = YES;
				CLANG_WARN_BLOCK_CAPTURE_AUTORELEASING = YES;
				CLANG_WARN_BOOL_CONVERSION = YES;
				CLANG_WARN_COMMA = YES;
				CLANG_WARN_CONSTANT_CONVERSION = YES;
				CLANG_WARN_DEPRECATED_OBJC_IMPLEMENTATIONS = YES;
				CLANG_WARN_DIRECT_OBJC_ISA_USAGE = YES_ERROR;
				CLANG_WARN_DOCUMENTATION_COMMENTS = YES;
				CLANG_WARN_EMPTY_BODY = YES;
				CLANG_WARN_ENUM_CONVERSION = YES;
				CLANG_WARN_INFINITE_RECURSION = YES;
				CLANG_WARN_INT_CONVERSION = YES;
				CLANG_WARN_NON_LITERAL_NULL_CONVERSION = YES;
				CLANG_WARN_OBJC_IMPLICIT_RETAIN_SELF = YES;
				CLANG_WARN_OBJC_LITERAL_CONVERSION = YES;
				CLANG_WARN_OBJC_ROOT_CLASS = YES_ERROR;
				CLANG_WARN_QUOTED_INCLUDE_IN_FRAMEWORK_HEADER = YES;
				CLANG_WARN_RANGE_LOOP_ANALYSIS = YES;
				CLANG_WARN_STRICT_PROTOTYPES = YES;
				CLANG_WARN_SUSPICIOUS_MOVE = YES;
				CLANG_WARN_UNGUARDED_AVAILABILITY = YES_AGGRESSIVE;
				CLANG_WARN_UNREACHABLE_CODE = YES;
				CLANG_WARN__DUPLICATE_METHOD_MATCH = YES;
				COPY_PHASE_STRIP = NO;
				DEBUG_INFORMATION_FORMAT = "dwarf-with-dsym";
				ENABLE_NS_ASSERTIONS = NO;
				ENABLE_STRICT_OBJC_MSGSEND = YES;
				GCC_C_LANGUAGE_STANDARD = gnu11;
				GCC_NO_COMMON_BLOCKS = YES;
				GCC_WARN_64_TO_32_BIT_CONVERSION = YES;
				GCC_WARN_ABOUT_RETURN_TYPE = YES_ERROR;
				GCC_WARN_UNDECLARED_SELECTOR = YES;
				GCC_WARN_UNINITIALIZED_AUTOS = YES_AGGRESSIVE;
				GCC_WARN_UNUSED_FUNCTION = YES;
				GCC_WARN_UNUSED_VARIABLE = YES;
				MACOSX_DEPLOYMENT_TARGET = 12.2;
				MTL_ENABLE_DEBUG_INFO = NO;
				MTL_FAST_MATH = YES;
				SDKROOT = macosx;
				SWIFT_COMPILATION_MODE = wholemodule;
				SWIFT_OPTIMIZATION_LEVEL = "-O";
			};
			name = Release;
		};
		267C5B30289277AA008CD923 /* Debug */ = {
			isa = XCBuildConfiguration;
			buildSettings = {
				CODE_SIGN_STYLE = Automatic;
				DEVELOPMENT_TEAM = VBXN755W85;
				ENABLE_HARDENED_RUNTIME = YES;
				PRODUCT_NAME = "$(TARGET_NAME)";
				SWIFT_VERSION = 5.0;
			};
			name = Debug;
		};
		267C5B31289277AA008CD923 /* Release */ = {
			isa = XCBuildConfiguration;
			buildSettings = {
				CODE_SIGN_STYLE = Automatic;
				DEVELOPMENT_TEAM = VBXN755W85;
				ENABLE_HARDENED_RUNTIME = YES;
				PRODUCT_NAME = "$(TARGET_NAME)";
				SWIFT_VERSION = 5.0;
			};
			name = Release;
		};
/* End XCBuildConfiguration section */

/* Begin XCConfigurationList section */
		267C5B23289277AA008CD923 /* Build configuration list for PBXProject "Observer" */ = {
			isa = XCConfigurationList;
			buildConfigurations = (
				267C5B2D289277AA008CD923 /* Debug */,
				267C5B2E289277AA008CD923 /* Release */,
			);
			defaultConfigurationIsVisible = 0;
			defaultConfigurationName = Release;
		};
		267C5B2F289277AA008CD923 /* Build configuration list for PBXNativeTarget "Observer" */ = {
			isa = XCConfigurationList;
			buildConfigurations = (
				267C5B30289277AA008CD923 /* Debug */,
				267C5B31289277AA008CD923 /* Release */,
			);
			defaultConfigurationIsVisible = 0;
			defaultConfigurationName = Release;
		};
/* End XCConfigurationList section */
	};
	rootObject = 267C5B20289277AA008CD923 /* Project object */;
}
